
Microsoft Visual Studio Solution File, Format Version 12.00
# Visual Studio Version 17
VisualStudioVersion = 17.0.31903.59
MinimumVisualStudioVersion = 10.0.40219.1
Project("{2150E333-8FDC-42A3-9474-1A3956D46DE8}") = "src", "src", "{6E6E19C0-ECF1-4C91-99EF-B47A4BC3A128}"
EndProject
Project("{FAE04EC0-301F-11D3-BF4B-00C04F79EFBC}") = "AuctionService", "src\AuctionService\AuctionService.csproj", "{90F75B7E-AEE2-4D4B-B3F6-A9F4AA333F4C}"
EndProject
Project("{FAE04EC0-301F-11D3-BF4B-00C04F79EFBC}") = "SearchService", "src\SearchService\SearchService.csproj", "{2ED8908C-F932-4F9E-AE2A-1A08C6CB19E3}"
EndProject
Project("{FAE04EC0-301F-11D3-BF4B-00C04F79EFBC}") = "Contracts", "src\Contracts\Contracts.csproj", "{DAFF0529-E497-498B-8CCA-53EA5F277A49}"
EndProject
Global
	GlobalSection(SolutionConfigurationPlatforms) = preSolution
		Debug|Any CPU = Debug|Any CPU
		Release|Any CPU = Release|Any CPU
	EndGlobalSection
	GlobalSection(SolutionProperties) = preSolution
		HideSolutionNode = FALSE
	EndGlobalSection
	GlobalSection(ProjectConfigurationPlatforms) = postSolution
		{90F75B7E-AEE2-4D4B-B3F6-A9F4AA333F4C}.Debug|Any CPU.ActiveCfg = Debug|Any CPU
		{90F75B7E-AEE2-4D4B-B3F6-A9F4AA333F4C}.Debug|Any CPU.Build.0 = Debug|Any CPU
		{90F75B7E-AEE2-4D4B-B3F6-A9F4AA333F4C}.Release|Any CPU.ActiveCfg = Release|Any CPU
		{90F75B7E-AEE2-4D4B-B3F6-A9F4AA333F4C}.Release|Any CPU.Build.0 = Release|Any CPU
		{2ED8908C-F932-4F9E-AE2A-1A08C6CB19E3}.Debug|Any CPU.ActiveCfg = Debug|Any CPU
		{2ED8908C-F932-4F9E-AE2A-1A08C6CB19E3}.Debug|Any CPU.Build.0 = Debug|Any CPU
		{2ED8908C-F932-4F9E-AE2A-1A08C6CB19E3}.Release|Any CPU.ActiveCfg = Release|Any CPU
		{2ED8908C-F932-4F9E-AE2A-1A08C6CB19E3}.Release|Any CPU.Build.0 = Release|Any CPU
		{DAFF0529-E497-498B-8CCA-53EA5F277A49}.Debug|Any CPU.ActiveCfg = Debug|Any CPU
		{DAFF0529-E497-498B-8CCA-53EA5F277A49}.Debug|Any CPU.Build.0 = Debug|Any CPU
		{DAFF0529-E497-498B-8CCA-53EA5F277A49}.Release|Any CPU.ActiveCfg = Release|Any CPU
		{DAFF0529-E497-498B-8CCA-53EA5F277A49}.Release|Any CPU.Build.0 = Release|Any CPU
	EndGlobalSection
	GlobalSection(NestedProjects) = preSolution
		{90F75B7E-AEE2-4D4B-B3F6-A9F4AA333F4C} = {6E6E19C0-ECF1-4C91-99EF-B47A4BC3A128}
		{2ED8908C-F932-4F9E-AE2A-1A08C6CB19E3} = {6E6E19C0-ECF1-4C91-99EF-B47A4BC3A128}
		{DAFF0529-E497-498B-8CCA-53EA5F277A49} = {6E6E19C0-ECF1-4C91-99EF-B47A4BC3A128}
	EndGlobalSection
EndGlobal
